
Microsoft Visual Studio Solution File, Format Version 12.00
Project("{FAE04EC0-301F-11D3-BF4B-00C04F79EFBC}") = "HealthyNorka_Terekhov", "HealthyNorka_Terekhov\HealthyNorka_Terekhov.csproj", "{1F36DE70-D2D9-4D8D-A575-C5C4E3886C8A}"
EndProject
Global
	GlobalSection(SolutionConfigurationPlatforms) = preSolution
		Debug|Any CPU = Debug|Any CPU
		Release|Any CPU = Release|Any CPU
	EndGlobalSection
	GlobalSection(ProjectConfigurationPlatforms) = postSolution
		{1F36DE70-D2D9-4D8D-A575-C5C4E3886C8A}.Debug|Any CPU.ActiveCfg = Debug|Any CPU
		{1F36DE70-D2D9-4D8D-A575-C5C4E3886C8A}.Debug|Any CPU.Build.0 = Debug|Any CPU
		{1F36DE70-D2D9-4D8D-A575-C5C4E3886C8A}.Release|Any CPU.ActiveCfg = Release|Any CPU
		{1F36DE70-D2D9-4D8D-A575-C5C4E3886C8A}.Release|Any CPU.Build.0 = Release|Any CPU
	EndGlobalSection
EndGlobal
